
Microsoft Visual Studio Solution File, Format Version 12.00
# Visual Studio Version 17
VisualStudioVersion = 17.4.33122.133
MinimumVisualStudioVersion = 10.0.40219.1
Project("{9A19103F-16F7-4668-BE54-9A1E7A4F7556}") = "ExamThesis", "ExamThesis\ExamThesis.csproj", "{F00FA169-97BE-4C67-9543-BEA08AF6EFCE}"
EndProject
Project("{9A19103F-16F7-4668-BE54-9A1E7A4F7556}") = "ExamThesis.Storage", "ExamThesis.Storage\ExamThesis.Storage.csproj", "{1D62F06D-3666-4AD2-8DB4-0E0349591A5F}"
EndProject
Project("{9A19103F-16F7-4668-BE54-9A1E7A4F7556}") = "ExamThesis.Services", "ExamThesis.Services\ExamThesis.Services.csproj", "{286FAD6F-CCD0-4A33-804F-470A66DE24B2}"
EndProject
Project("{FAE04EC0-301F-11D3-BF4B-00C04F79EFBC}") = "ExamThesis.Common", "ExamThesis.Common\ExamThesis.Common.csproj", "{B8A66112-2A3C-404B-B80E-0332DFCA0A95}"
EndProject
Global
	GlobalSection(SolutionConfigurationPlatforms) = preSolution
		Debug|Any CPU = Debug|Any CPU
		Release|Any CPU = Release|Any CPU
	EndGlobalSection
	GlobalSection(ProjectConfigurationPlatforms) = postSolution
		{F00FA169-97BE-4C67-9543-BEA08AF6EFCE}.Debug|Any CPU.ActiveCfg = Debug|Any CPU
		{F00FA169-97BE-4C67-9543-BEA08AF6EFCE}.Debug|Any CPU.Build.0 = Debug|Any CPU
		{F00FA169-97BE-4C67-9543-BEA08AF6EFCE}.Release|Any CPU.ActiveCfg = Release|Any CPU
		{F00FA169-97BE-4C67-9543-BEA08AF6EFCE}.Release|Any CPU.Build.0 = Release|Any CPU
		{1D62F06D-3666-4AD2-8DB4-0E0349591A5F}.Debug|Any CPU.ActiveCfg = Debug|Any CPU
		{1D62F06D-3666-4AD2-8DB4-0E0349591A5F}.Debug|Any CPU.Build.0 = Debug|Any CPU
		{1D62F06D-3666-4AD2-8DB4-0E0349591A5F}.Release|Any CPU.ActiveCfg = Release|Any CPU
		{1D62F06D-3666-4AD2-8DB4-0E0349591A5F}.Release|Any CPU.Build.0 = Release|Any CPU
		{286FAD6F-CCD0-4A33-804F-470A66DE24B2}.Debug|Any CPU.ActiveCfg = Debug|Any CPU
		{286FAD6F-CCD0-4A33-804F-470A66DE24B2}.Debug|Any CPU.Build.0 = Debug|Any CPU
		{286FAD6F-CCD0-4A33-804F-470A66DE24B2}.Release|Any CPU.ActiveCfg = Release|Any CPU
		{286FAD6F-CCD0-4A33-804F-470A66DE24B2}.Release|Any CPU.Build.0 = Release|Any CPU
		{B8A66112-2A3C-404B-B80E-0332DFCA0A95}.Debug|Any CPU.ActiveCfg = Debug|Any CPU
		{B8A66112-2A3C-404B-B80E-0332DFCA0A95}.Debug|Any CPU.Build.0 = Debug|Any CPU
		{B8A66112-2A3C-404B-B80E-0332DFCA0A95}.Release|Any CPU.ActiveCfg = Release|Any CPU
		{B8A66112-2A3C-404B-B80E-0332DFCA0A95}.Release|Any CPU.Build.0 = Release|Any CPU
	EndGlobalSection
	GlobalSection(SolutionProperties) = preSolution
		HideSolutionNode = FALSE
	EndGlobalSection
	GlobalSection(ExtensibilityGlobals) = postSolution
		SolutionGuid = {5853C37F-2486-4278-A3CA-328FEBBDC351}
	EndGlobalSection
EndGlobal
